
Microsoft Visual Studio Solution File, Format Version 12.00
# Visual Studio 15
Project("{FAE04EC0-301F-11D3-BF4B-00C04F79EFBC}") = "VuforiaScripts", "VuforiaScripts.csproj", "{91052C6B-346A-D48E-5CD1-B5D08DDEC0EC}"
EndProject
Project("{FAE04EC0-301F-11D3-BF4B-00C04F79EFBC}") = "Assembly-CSharp", "Assembly-CSharp.csproj", "{A9A8E4C9-B800-9808-6007-9945CBAC69C4}"
EndProject
Project("{FAE04EC0-301F-11D3-BF4B-00C04F79EFBC}") = "VuforiaEditorScripts", "VuforiaEditorScripts.csproj", "{2B9095D8-F800-086D-AC4F-47221074BBD1}"
EndProject
Global
	GlobalSection(SolutionConfigurationPlatforms) = preSolution
		Debug|Any CPU = Debug|Any CPU
		Release|Any CPU = Release|Any CPU
	EndGlobalSection
	GlobalSection(ProjectConfigurationPlatforms) = postSolution
		{91052C6B-346A-D48E-5CD1-B5D08DDEC0EC}.Debug|Any CPU.ActiveCfg = Debug|Any CPU
		{91052C6B-346A-D48E-5CD1-B5D08DDEC0EC}.Debug|Any CPU.Build.0 = Debug|Any CPU
		{91052C6B-346A-D48E-5CD1-B5D08DDEC0EC}.Release|Any CPU.ActiveCfg = Release|Any CPU
		{91052C6B-346A-D48E-5CD1-B5D08DDEC0EC}.Release|Any CPU.Build.0 = Release|Any CPU
		{A9A8E4C9-B800-9808-6007-9945CBAC69C4}.Debug|Any CPU.ActiveCfg = Debug|Any CPU
		{A9A8E4C9-B800-9808-6007-9945CBAC69C4}.Debug|Any CPU.Build.0 = Debug|Any CPU
		{A9A8E4C9-B800-9808-6007-9945CBAC69C4}.Release|Any CPU.ActiveCfg = Release|Any CPU
		{A9A8E4C9-B800-9808-6007-9945CBAC69C4}.Release|Any CPU.Build.0 = Release|Any CPU
		{2B9095D8-F800-086D-AC4F-47221074BBD1}.Debug|Any CPU.ActiveCfg = Debug|Any CPU
		{2B9095D8-F800-086D-AC4F-47221074BBD1}.Debug|Any CPU.Build.0 = Debug|Any CPU
		{2B9095D8-F800-086D-AC4F-47221074BBD1}.Release|Any CPU.ActiveCfg = Release|Any CPU
		{2B9095D8-F800-086D-AC4F-47221074BBD1}.Release|Any CPU.Build.0 = Release|Any CPU
	EndGlobalSection
	GlobalSection(SolutionProperties) = preSolution
		HideSolutionNode = FALSE
	EndGlobalSection
EndGlobal
